// !$*UTF8*$!
{
	archiveVersion = 1;
	classes = {
	};
	objectVersion = 46;
	objects = {

/* Begin PBXBuildFile section */
		258C756F1C86708C00BD13CF /* AppDelegate.swift in Sources */ = {isa = PBXBuildFile; fileRef = 258C756E1C86708C00BD13CF /* AppDelegate.swift */; };
		258C75711C86708C00BD13CF /* ViewController.swift in Sources */ = {isa = PBXBuildFile; fileRef = 258C75701C86708C00BD13CF /* ViewController.swift */; };
		258C75741C86708C00BD13CF /* Main.storyboard in Resources */ = {isa = PBXBuildFile; fileRef = 258C75721C86708C00BD13CF /* Main.storyboard */; };
		258C75761C86708C00BD13CF /* Assets.xcassets in Resources */ = {isa = PBXBuildFile; fileRef = 258C75751C86708C00BD13CF /* Assets.xcassets */; };
		258C75791C86708C00BD13CF /* LaunchScreen.storyboard in Resources */ = {isa = PBXBuildFile; fileRef = 258C75771C86708C00BD13CF /* LaunchScreen.storyboard */; };
/* End PBXBuildFile section */

/* Begin PBXFileReference section */
		258C756B1C86708C00BD13CF /* InstagramParse.app */ = {isa = PBXFileReference; explicitFileType = wrapper.application; includeInIndex = 0; path = InstagramParse.app; sourceTree = BUILT_PRODUCTS_DIR; };
		258C756E1C86708C00BD13CF /* AppDelegate.swift */ = {isa = PBXFileReference; lastKnownFileType = sourcecode.swift; path = AppDelegate.swift; sourceTree = "<group>"; };
		258C75701C86708C00BD13CF /* ViewController.swift */ = {isa = PBXFileReference; lastKnownFileType = sourcecode.swift; path = ViewController.swift; sourceTree = "<group>"; };
		258C75731C86708C00BD13CF /* Base */ = {isa = PBXFileReference; lastKnownFileType = file.storyboard; name = Base; path = Base.lproj/Main.storyboard; sourceTree = "<group>"; };
		258C75751C86708C00BD13CF /* Assets.xcassets */ = {isa = PBXFileReference; lastKnownFileType = folder.assetcatalog; path = Assets.xcassets; sourceTree = "<group>"; };
		258C75781C86708C00BD13CF /* Base */ = {isa = PBXFileReference; lastKnownFileType = file.storyboard; name = Base; path = Base.lproj/LaunchScreen.storyboard; sourceTree = "<group>"; };
		258C757A1C86708C00BD13CF /* Info.plist */ = {isa = PBXFileReference; lastKnownFileType = text.plist.xml; path = Info.plist; sourceTree = "<group>"; };
/* End PBXFileReference section */

/* Begin PBXFrameworksBuildPhase section */
		258C75681C86708C00BD13CF /* Frameworks */ = {
			isa = PBXFrameworksBuildPhase;
			buildActionMask = 2147483647;
			files = (
			);
			runOnlyForDeploymentPostprocessing = 0;
		};
/* End PBXFrameworksBuildPhase section */

/* Begin PBXGroup section */
		258C75621C86708B00BD13CF = {
			isa = PBXGroup;
			children = (
				258C756D1C86708C00BD13CF /* InstagramParse */,
				258C756C1C86708C00BD13CF /* Products */,
			);
			sourceTree = "<group>";
		};
		258C756C1C86708C00BD13CF /* Products */ = {
			isa = PBXGroup;
			children = (
				258C756B1C86708C00BD13CF /* InstagramParse.app */,
			);
			name = Products;
			sourceTree = "<group>";
		};
		258C756D1C86708C00BD13CF /* InstagramParse */ = {
			isa = PBXGroup;
			children = (
				258C756E1C86708C00BD13CF /* AppDelegate.swift */,
				258C75701C86708C00BD13CF /* ViewController.swift */,
				258C75721C86708C00BD13CF /* Main.storyboard */,
				258C75751C86708C00BD13CF /* Assets.xcassets */,
				258C75771C86708C00BD13CF /* LaunchScreen.storyboard */,
				258C757A1C86708C00BD13CF /* Info.plist */,
			);
			path = InstagramParse;
			sourceTree = "<group>";
		};
/* End PBXGroup section */

/* Begin PBXNativeTarget section */
		258C756A1C86708C00BD13CF /* InstagramParse */ = {
			isa = PBXNativeTarget;
			buildConfigurationList = 258C757D1C86708C00BD13CF /* Build configuration list for PBXNativeTarget "InstagramParse" */;
			buildPhases = (
				258C75671C86708C00BD13CF /* Sources */,
				258C75681C86708C00BD13CF /* Frameworks */,
				258C75691C86708C00BD13CF /* Resources */,
			);
			buildRules = (
			);
			dependencies = (
			);
			name = InstagramParse;
			productName = InstagramParse;
			productReference = 258C756B1C86708C00BD13CF /* InstagramParse.app */;
			productType = "com.apple.product-type.application";
		};
/* End PBXNativeTarget section */

/* Begin PBXProject section */
		258C75631C86708B00BD13CF /* Project object */ = {
			isa = PBXProject;
			attributes = {
				LastSwiftUpdateCheck = 0720;
				LastUpgradeCheck = 0720;
				ORGANIZATIONNAME = "Antonio Singh";
				TargetAttributes = {
					258C756A1C86708C00BD13CF = {
						CreatedOnToolsVersion = 7.2;
					};
				};
			};
			buildConfigurationList = 258C75661C86708B00BD13CF /* Build configuration list for PBXProject "InstagramParse" */;
			compatibilityVersion = "Xcode 3.2";
			developmentRegion = English;
			hasScannedForEncodings = 0;
			knownRegions = (
				en,
				Base,
			);
			mainGroup = 258C75621C86708B00BD13CF;
			productRefGroup = 258C756C1C86708C00BD13CF /* Products */;
			projectDirPath = "";
			projectRoot = "";
			targets = (
				258C756A1C86708C00BD13CF /* InstagramParse */,
			);
		};
/* End PBXProject section */

/* Begin PBXResourcesBuildPhase section */
		258C75691C86708C00BD13CF /* Resources */ = {
			isa = PBXResourcesBuildPhase;
			buildActionMask = 2147483647;
			files = (
				258C75791C86708C00BD13CF /* LaunchScreen.storyboard in Resources */,
				258C75761C86708C00BD13CF /* Assets.xcassets in Resources */,
				258C75741C86708C00BD13CF /* Main.storyboard in Resources */,
			);
			runOnlyForDeploymentPostprocessing = 0;
		};
/* End PBXResourcesBuildPhase section */

/* Begin PBXSourcesBuildPhase section */
		258C75671C86708C00BD13CF /* Sources */ = {
			isa = PBXSourcesBuildPhase;
			buildActionMask = 2147483647;
			files = (
				258C75711C86708C00BD13CF /* ViewController.swift in Sources */,
				258C756F1C86708C00BD13CF /* AppDelegate.swift in Sources */,
			);
			runOnlyForDeploymentPostprocessing = 0;
		};
/* End PBXSourcesBuildPhase section */

/* Begin PBXVariantGroup section */
		258C75721C86708C00BD13CF /* Main.storyboard */ = {
			isa = PBXVariantGroup;
			children = (
				258C75731C86708C00BD13CF /* Base */,
			);
			name = Main.storyboard;
			sourceTree = "<group>";
		};
		258C75771C86708C00BD13CF /* LaunchScreen.storyboard */ = {
			isa = PBXVariantGroup;
			children = (
				258C75781C86708C00BD13CF /* Base */,
			);
			name = LaunchScreen.storyboard;
			sourceTree = "<group>";
		};
/* End PBXVariantGroup section */

/* Begin XCBuildConfiguration section */
		258C757B1C86708C00BD13CF /* Debug */ = {
			isa = XCBuildConfiguration;
			buildSettings = {
				ALWAYS_SEARCH_USER_PATHS = NO;
				CLANG_CXX_LANGUAGE_STANDARD = "gnu++0x";
				CLANG_CXX_LIBRARY = "libc++";
				CLANG_ENABLE_MODULES = YES;
				CLANG_ENABLE_OBJC_ARC = YES;
				CLANG_WARN_BOOL_CONVERSION = YES;
				CLANG_WARN_CONSTANT_CONVERSION = YES;
				CLANG_WARN_DIRECT_OBJC_ISA_USAGE = YES_ERROR;
				CLANG_WARN_EMPTY_BODY = YES;
				CLANG_WARN_ENUM_CONVERSION = YES;
				CLANG_WARN_INT_CONVERSION = YES;
				CLANG_WARN_OBJC_ROOT_CLASS = YES_ERROR;
				CLANG_WARN_UNREACHABLE_CODE = YES;
				CLANG_WARN__DUPLICATE_METHOD_MATCH = YES;
				"CODE_SIGN_IDENTITY[sdk=iphoneos*]" = "iPhone Developer";
				COPY_PHASE_STRIP = NO;
				DEBUG_INFORMATION_FORMAT = dwarf;
				ENABLE_STRICT_OBJC_MSGSEND = YES;
				ENABLE_TESTABILITY = YES;
				GCC_C_LANGUAGE_STANDARD = gnu99;
				GCC_DYNAMIC_NO_PIC = NO;
				GCC_NO_COMMON_BLOCKS = YES;
				GCC_OPTIMIZATION_LEVEL = 0;
				GCC_PREPROCESSOR_DEFINITIONS = (
					"DEBUG=1",
					"$(inherited)",
				);
				GCC_WARN_64_TO_32_BIT_CONVERSION = YES;
				GCC_WARN_ABOUT_RETURN_TYPE = YES_ERROR;
				GCC_WARN_UNDECLARED_SELECTOR = YES;
				GCC_WARN_UNINITIALIZED_AUTOS = YES_AGGRESSIVE;
				GCC_WARN_UNUSED_FUNCTION = YES;
				GCC_WARN_UNUSED_VARIABLE = YES;
				IPHONEOS_DEPLOYMENT_TARGET = 9.2;
				MTL_ENABLE_DEBUG_INFO = YES;
				ONLY_ACTIVE_ARCH = YES;
				SDKROOT = iphoneos;
				SWIFT_OPTIMIZATION_LEVEL = "-Onone";
			};
			name = Debug;
		};
		258C757C1C86708C00BD13CF /* Release */ = {
			isa = XCBuildConfiguration;
			buildSettings = {
				ALWAYS_SEARCH_USER_PATHS = NO;
				CLANG_CXX_LANGUAGE_STANDARD = "gnu++0x";
				CLANG_CXX_LIBRARY = "libc++";
				CLANG_ENABLE_MODULES = YES;
				CLANG_ENABLE_OBJC_ARC = YES;
				CLANG_WARN_BOOL_CONVERSION = YES;
				CLANG_WARN_CONSTANT_CONVERSION = YES;
				CLANG_WARN_DIRECT_OBJC_ISA_USAGE = YES_ERROR;
				CLANG_WARN_EMPTY_BODY = YES;
				CLANG_WARN_ENUM_CONVERSION = YES;
				CLANG_WARN_INT_CONVERSION = YES;
				CLANG_WARN_OBJC_ROOT_CLASS = YES_ERROR;
				CLANG_WARN_UNREACHABLE_CODE = YES;
				CLANG_WARN__DUPLICATE_METHOD_MATCH = YES;
				"CODE_SIGN_IDENTITY[sdk=iphoneos*]" = "iPhone Developer";
				COPY_PHASE_STRIP = NO;
				DEBUG_INFORMATION_FORMAT = "dwarf-with-dsym";
				ENABLE_NS_ASSERTIONS = NO;
				ENABLE_STRICT_OBJC_MSGSEND = YES;
				GCC_C_LANGUAGE_STANDARD = gnu99;
				GCC_NO_COMMON_BLOCKS = YES;
				GCC_WARN_64_TO_32_BIT_CONVERSION = YES;
				GCC_WARN_ABOUT_RETURN_TYPE = YES_ERROR;
				GCC_WARN_UNDECLARED_SELECTOR = YES;
				GCC_WARN_UNINITIALIZED_AUTOS = YES_AGGRESSIVE;
				GCC_WARN_UNUSED_FUNCTION = YES;
				GCC_WARN_UNUSED_VARIABLE = YES;
				IPHONEOS_DEPLOYMENT_TARGET = 9.2;
				MTL_ENABLE_DEBUG_INFO = NO;
				SDKROOT = iphoneos;
				VALIDATE_PRODUCT = YES;
			};
			name = Release;
		};
		258C757E1C86708C00BD13CF /* Debug */ = {
			isa = XCBuildConfiguration;
			buildSettings = {
				ASSETCATALOG_COMPILER_APPICON_NAME = AppIcon;
				INFOPLIST_FILE = InstagramParse/Info.plist;
				LD_RUNPATH_SEARCH_PATHS = "$(inherited) @executable_path/Frameworks";
				PRODUCT_BUNDLE_IDENTIFIER = antoniosingh.InstagramParse;
				PRODUCT_NAME = "$(TARGET_NAME)";
			};
			name = Debug;
		};
		258C757F1C86708C00BD13CF /* Release */ = {
			isa = XCBuildConfiguration;
			buildSettings = {
				ASSETCATALOG_COMPILER_APPICON_NAME = AppIcon;
				INFOPLIST_FILE = InstagramParse/Info.plist;
				LD_RUNPATH_SEARCH_PATHS = "$(inherited) @executable_path/Frameworks";
				PRODUCT_BUNDLE_IDENTIFIER = antoniosingh.InstagramParse;
				PRODUCT_NAME = "$(TARGET_NAME)";
			};
			name = Release;
		};
/* End XCBuildConfiguration section */

/* Begin XCConfigurationList section */
		258C75661C86708B00BD13CF /* Build configuration list for PBXProject "InstagramParse" */ = {
			isa = XCConfigurationList;
			buildConfigurations = (
				258C757B1C86708C00BD13CF /* Debug */,
				258C757C1C86708C00BD13CF /* Release */,
			);
			defaultConfigurationIsVisible = 0;
			defaultConfigurationName = Release;
		};
		258C757D1C86708C00BD13CF /* Build configuration list for PBXNativeTarget "InstagramParse" */ = {
			isa = XCConfigurationList;
			buildConfigurations = (
				258C757E1C86708C00BD13CF /* Debug */,
				258C757F1C86708C00BD13CF /* Release */,
			);
			defaultConfigurationIsVisible = 0;
		};
/* End XCConfigurationList section */
	};
	rootObject = 258C75631C86708B00BD13CF /* Project object */;
}
